
Microsoft Visual Studio Solution File, Format Version 12.00
# Visual Studio 15
VisualStudioVersion = 15.0.26730.16
MinimumVisualStudioVersion = 10.0.40219.1
Project("{FAE04EC0-301F-11D3-BF4B-00C04F79EFBC}") = "DataAccessLayer", "DataAccessLayer\DataAccessLayer.csproj", "{86C0CC3B-81CE-446C-B01E-342F285DCF2E}"
EndProject
Project("{FAE04EC0-301F-11D3-BF4B-00C04F79EFBC}") = "ConsoleApp", "ConsoleApp\ConsoleApp.csproj", "{C68FC066-C47E-4186-ADFF-942C9A9206E1}"
EndProject
Global
	GlobalSection(SolutionConfigurationPlatforms) = preSolution
		Debug|Any CPU = Debug|Any CPU
		Release|Any CPU = Release|Any CPU
	EndGlobalSection
	GlobalSection(ProjectConfigurationPlatforms) = postSolution
		{86C0CC3B-81CE-446C-B01E-342F285DCF2E}.Debug|Any CPU.ActiveCfg = Debug|Any CPU
		{86C0CC3B-81CE-446C-B01E-342F285DCF2E}.Debug|Any CPU.Build.0 = Debug|Any CPU
		{86C0CC3B-81CE-446C-B01E-342F285DCF2E}.Release|Any CPU.ActiveCfg = Release|Any CPU
		{86C0CC3B-81CE-446C-B01E-342F285DCF2E}.Release|Any CPU.Build.0 = Release|Any CPU
		{C68FC066-C47E-4186-ADFF-942C9A9206E1}.Debug|Any CPU.ActiveCfg = Debug|Any CPU
		{C68FC066-C47E-4186-ADFF-942C9A9206E1}.Debug|Any CPU.Build.0 = Debug|Any CPU
		{C68FC066-C47E-4186-ADFF-942C9A9206E1}.Release|Any CPU.ActiveCfg = Release|Any CPU
		{C68FC066-C47E-4186-ADFF-942C9A9206E1}.Release|Any CPU.Build.0 = Release|Any CPU
	EndGlobalSection
	GlobalSection(SolutionProperties) = preSolution
		HideSolutionNode = FALSE
	EndGlobalSection
	GlobalSection(ExtensibilityGlobals) = postSolution
		SolutionGuid = {2F94CE65-DA06-4157-8320-1B61308BAAE7}
	EndGlobalSection
EndGlobal
