
Microsoft Visual Studio Solution File, Format Version 12.00
# Visual Studio 15
VisualStudioVersion = 15.0.27004.2009
MinimumVisualStudioVersion = 10.0.40219.1
Project("{FAE04EC0-301F-11D3-BF4B-00C04F79EFBC}") = "DataAccessLayer", "DataAccessLayer\DataAccessLayer.csproj", "{86C0CC3B-81CE-446C-B01E-342F285DCF2E}"
EndProject
Project("{FAE04EC0-301F-11D3-BF4B-00C04F79EFBC}") = "Infrastructure", "Infrastructure\Infrastructure.csproj", "{45C88AF7-822D-42C6-9AEA-B4BFBCC049E6}"
EndProject
Project("{FAE04EC0-301F-11D3-BF4B-00C04F79EFBC}") = "BusinessLayer", "BusinessLayer\BusinessLayer.csproj", "{5CD01EB2-2252-448C-80AB-C3B11F5CB3A5}"
EndProject
Project("{2150E333-8FDC-42A3-9474-1A3956D46DE8}") = "Tests", "Tests", "{4E86FED5-9A37-42B2-B2DD-BA28C7FDACB8}"
EndProject
Project("{FAE04EC0-301F-11D3-BF4B-00C04F79EFBC}") = "DAL.Tests", "DAL.Tests\DAL.Tests.csproj", "{4AA326DC-FC75-4AFB-9A5A-B322B6E55010}"
EndProject
Project("{FAE04EC0-301F-11D3-BF4B-00C04F79EFBC}") = "BL.Tests", "BL.Tests\BL.Tests.csproj", "{96E1B8E1-5789-4243-BE72-E0F0C1684F14}"
EndProject
Project("{FAE04EC0-301F-11D3-BF4B-00C04F79EFBC}") = "PresentationLayer", "PresentationLayer\PresentationLayer.csproj", "{1AFCA215-803C-4382-AB85-FD804EB0DB64}"
EndProject
Project("{FAE04EC0-301F-11D3-BF4B-00C04F79EFBC}") = "PL.Tests", "PresentationLayer.Tests\PL.Tests.csproj", "{C66B03CE-3F88-486F-90FB-419294987416}"
EndProject
Global
	GlobalSection(SolutionConfigurationPlatforms) = preSolution
		Debug|Any CPU = Debug|Any CPU
		Release|Any CPU = Release|Any CPU
	EndGlobalSection
	GlobalSection(ProjectConfigurationPlatforms) = postSolution
		{86C0CC3B-81CE-446C-B01E-342F285DCF2E}.Debug|Any CPU.ActiveCfg = Debug|Any CPU
		{86C0CC3B-81CE-446C-B01E-342F285DCF2E}.Debug|Any CPU.Build.0 = Debug|Any CPU
		{86C0CC3B-81CE-446C-B01E-342F285DCF2E}.Release|Any CPU.ActiveCfg = Release|Any CPU
		{86C0CC3B-81CE-446C-B01E-342F285DCF2E}.Release|Any CPU.Build.0 = Release|Any CPU
		{45C88AF7-822D-42C6-9AEA-B4BFBCC049E6}.Debug|Any CPU.ActiveCfg = Debug|Any CPU
		{45C88AF7-822D-42C6-9AEA-B4BFBCC049E6}.Debug|Any CPU.Build.0 = Debug|Any CPU
		{45C88AF7-822D-42C6-9AEA-B4BFBCC049E6}.Release|Any CPU.ActiveCfg = Release|Any CPU
		{45C88AF7-822D-42C6-9AEA-B4BFBCC049E6}.Release|Any CPU.Build.0 = Release|Any CPU
		{5CD01EB2-2252-448C-80AB-C3B11F5CB3A5}.Debug|Any CPU.ActiveCfg = Debug|Any CPU
		{5CD01EB2-2252-448C-80AB-C3B11F5CB3A5}.Debug|Any CPU.Build.0 = Debug|Any CPU
		{5CD01EB2-2252-448C-80AB-C3B11F5CB3A5}.Release|Any CPU.ActiveCfg = Release|Any CPU
		{5CD01EB2-2252-448C-80AB-C3B11F5CB3A5}.Release|Any CPU.Build.0 = Release|Any CPU
		{4AA326DC-FC75-4AFB-9A5A-B322B6E55010}.Debug|Any CPU.ActiveCfg = Debug|Any CPU
		{4AA326DC-FC75-4AFB-9A5A-B322B6E55010}.Debug|Any CPU.Build.0 = Debug|Any CPU
		{4AA326DC-FC75-4AFB-9A5A-B322B6E55010}.Release|Any CPU.ActiveCfg = Release|Any CPU
		{4AA326DC-FC75-4AFB-9A5A-B322B6E55010}.Release|Any CPU.Build.0 = Release|Any CPU
		{96E1B8E1-5789-4243-BE72-E0F0C1684F14}.Debug|Any CPU.ActiveCfg = Debug|Any CPU
		{96E1B8E1-5789-4243-BE72-E0F0C1684F14}.Debug|Any CPU.Build.0 = Debug|Any CPU
		{96E1B8E1-5789-4243-BE72-E0F0C1684F14}.Release|Any CPU.ActiveCfg = Release|Any CPU
		{96E1B8E1-5789-4243-BE72-E0F0C1684F14}.Release|Any CPU.Build.0 = Release|Any CPU
		{1AFCA215-803C-4382-AB85-FD804EB0DB64}.Debug|Any CPU.ActiveCfg = Debug|Any CPU
		{1AFCA215-803C-4382-AB85-FD804EB0DB64}.Debug|Any CPU.Build.0 = Debug|Any CPU
		{1AFCA215-803C-4382-AB85-FD804EB0DB64}.Release|Any CPU.ActiveCfg = Release|Any CPU
		{1AFCA215-803C-4382-AB85-FD804EB0DB64}.Release|Any CPU.Build.0 = Release|Any CPU
		{C66B03CE-3F88-486F-90FB-419294987416}.Debug|Any CPU.ActiveCfg = Debug|Any CPU
		{C66B03CE-3F88-486F-90FB-419294987416}.Debug|Any CPU.Build.0 = Debug|Any CPU
		{C66B03CE-3F88-486F-90FB-419294987416}.Release|Any CPU.ActiveCfg = Release|Any CPU
		{C66B03CE-3F88-486F-90FB-419294987416}.Release|Any CPU.Build.0 = Release|Any CPU
	EndGlobalSection
	GlobalSection(SolutionProperties) = preSolution
		HideSolutionNode = FALSE
	EndGlobalSection
	GlobalSection(NestedProjects) = preSolution
		{4AA326DC-FC75-4AFB-9A5A-B322B6E55010} = {4E86FED5-9A37-42B2-B2DD-BA28C7FDACB8}
		{96E1B8E1-5789-4243-BE72-E0F0C1684F14} = {4E86FED5-9A37-42B2-B2DD-BA28C7FDACB8}
		{C66B03CE-3F88-486F-90FB-419294987416} = {4E86FED5-9A37-42B2-B2DD-BA28C7FDACB8}
	EndGlobalSection
	GlobalSection(ExtensibilityGlobals) = postSolution
		SolutionGuid = {2F94CE65-DA06-4157-8320-1B61308BAAE7}
	EndGlobalSection
EndGlobal
